# @generated by Move, please check-in and do not edit manually.

[move]
version = 3
manifest_digest = "51FF1909A4D438DBD1429D4B78DDF866321D36864E6B6A3A08204AEF25C1EB80"
deps_digest = "F8BBB0CCB2491CA29A3DF03D6F92277A4F3574266507ACD77214D37ECA3F3082"
dependencies = [
  { id = "Sui", name = "Sui" },
]

[[move.package]]
id = "MoveStdlib"
source = { git = "https://github.com/MystenLabs/sui.git", rev = "framework/testnet", subdir = "crates/sui-framework/packages/move-stdlib" }

[[move.package]]
id = "Sui"
source = { git = "https://github.com/MystenLabs/sui.git", rev = "framework/testnet", subdir = "crates/sui-framework/packages/sui-framework" }

dependencies = [
  { id = "MoveStdlib", name = "MoveStdlib" },
]

[move.toolchain-version]
compiler-version = "1.39.3"
edition = "2024.beta"
flavor = "sui"

[env]

[env.quicknode]
chain-id = "35834a8a"
original-published-id = "0x1f948a06a309e6a72b280bfdd5f193f8c3147720c8593dc3c953c33d046f23d7"
latest-published-id = "0x1f948a06a309e6a72b280bfdd5f193f8c3147720c8593dc3c953c33d046f23d7"
published-version = "1"
